<Solution>
  <Folder Name="/01/">
    <Project Path="numberIsEvenOrNot/numberIsEvenOrNot.csproj" />
  </Folder>
  <Folder Name="/02/">
    <Project Path="largerNumber/largerNumber.csproj" />
  </Folder>
  <Folder Name="/03/">
    <Project Path="OrderingOfThreeNumbers/OrderingOfThreeNumbers.csproj" Id="cee396ad-6d2d-4efa-8e4a-8d39e44d955c" />
  </Folder>
  <Folder Name="/04/">
    <Project Path="IsMultipleOfAnother/IsMultipleOfAnother.csproj" Id="39a4bd04-beea-4de4-8870-723926058585" />
  </Folder>
  <Folder Name="/05/">
    <Project Path="IsLeapYear/IsLeapYear.csproj" Id="af320078-9fe5-4df1-bddb-16e3acfdf432" />
  </Folder>
  <Folder Name="/06/">
    <Project Path="simplePayroll/simplePayroll.csproj" Id="5c71c3a1-779e-4e4f-9b0f-c0d0189b9cf0" />
  </Folder>
  <Folder Name="/07/">
    <Project Path="Discounts/Discounts.csproj" Id="61345207-8d5b-4bc4-b0d9-e09c7c7300ed" />
  </Folder>
  <Folder Name="/08/">
    <Project Path="registration/RegistrationValue.csproj" Id="6a105f66-58e2-4abc-96f7-32b8ecf20e9b" />
  </Folder>
  <Folder Name="/09/">
    <Project Path="Shipping/Shipping.csproj" Id="2e5c4dc4-46e1-4d62-9363-3d1cce71d82f" />
  </Folder>
  <Folder Name="/10/">
    <Project Path="SucesoStore/SucesoStore.csproj" Id="358d7e69-cd9a-4a95-a210-b472b8206002" />
  </Folder>
  <Folder Name="/11/">
    <Project Path="TransportCompany/TransportCompany.csproj" Id="e75aeb93-4bb2-49b9-9b75-cf530f633774" />
  </Folder>
  <Folder Name="/12/">
    <Project Path="SumAndAverage/SumAndAverage.csproj" Id="bb05b1ae-d8e7-4fc1-8b2e-f0cb8d1dc19b" />
  </Folder>
  <Folder Name="/13/">
    <Project Path="Factorial/Factorial.csproj" Id="3413c35a-4993-4405-a0d6-6fb4fba5e6c2" />
  </Folder>
  <Folder Name="/14/">
    <Project Path="Taylor/Taylor.csproj" Id="7db3f5ff-328d-4a94-b593-6f01c959b217" />
  </Folder>
  <Folder Name="/15/">
    <Project Path="TaylorModifed/TaylorModifed.csproj" Id="6410b91c-afe4-430f-9e7f-9c00a561068e" />
  </Folder>
  <Folder Name="/16/">
    <Project Path="QuadraticEquations/QuadraticEquations.csproj" Id="a23ba62d-b16b-4ccc-b3e4-ae5b2487563b" />
  </Folder>
  <Folder Name="/17/">
    <Project Path="Fibonacci/Fibonacci.csproj" Id="a3674d71-f0ec-4c51-82b9-2af3c276cbe2" />
  </Folder>
  <Folder Name="/18/">
    <Project Path="FibonacciModified/FibonacciModified.csproj" Id="9e99835e-8a2b-4a4b-8552-8c9aed76bb90" />
  </Folder>
  <Folder Name="/19/">
    <Project Path="IsPrime/IsPrime.csproj" Id="407b8536-04b6-4cca-abe5-3b9d4e6aaa67" />
  </Folder>
  <Folder Name="/20/" />
  <Folder Name="/21/" />
  <Folder Name="/22/" />
  <Folder Name="/23/" />
  <Folder Name="/24/" />
  <Folder Name="/25/" />
  <Folder Name="/26/" />
  <Folder Name="/27/" />
  <Folder Name="/28/">
    <Project Path="TheStrongestBeam/TheStrongestBeam.csproj" Id="53d1b0d4-eb17-437a-bd56-f1ee391ef3bf" />
  </Folder>
  <Folder Name="/29/" />
  <Folder Name="/30/" />
  <Folder Name="/37/">
    <Project Path="HorsesInConflict/HorsesInConflict.csproj" Id="224fe1c5-d597-4cc6-8d99-609b99a6b129" />
  </Folder>
  <Folder Name="/Shared/">
    <Project Path="Shared/Shared.csproj" />
  </Folder>
</Solution>
