<Solution>
  <Folder Name="/01/">
    <Project Path="numberIsEvenOrNot/numberIsEvenOrNot.csproj" />
  </Folder>
  <Folder Name="/02/">
    <Project Path="largerNumber/largerNumber.csproj" />
  </Folder>
  <Folder Name="/03/">
    <Project Path="OrderingOfThreeNumbers/OrderingOfThreeNumbers.csproj" Id="cee396ad-6d2d-4efa-8e4a-8d39e44d955c" />
  </Folder>
  <Folder Name="/04/">
    <Project Path="IsMultipleOfAnother/IsMultipleOfAnother.csproj" Id="39a4bd04-beea-4de4-8870-723926058585" />
  </Folder>
  <Folder Name="/05/">
    <Project Path="IsLeapYear/IsLeapYear.csproj" Id="af320078-9fe5-4df1-bddb-16e3acfdf432" />
  </Folder>
  <Folder Name="/06/">
    <Project Path="simplePayroll/simplePayroll.csproj" Id="5c71c3a1-779e-4e4f-9b0f-c0d0189b9cf0" />
  </Folder>
  <Folder Name="/07/">
    <Project Path="Discounts/Discounts.csproj" Id="61345207-8d5b-4bc4-b0d9-e09c7c7300ed" />
  </Folder>
  <Folder Name="/08/">
    <Project Path="registration/RegistrationValue.csproj" Id="6a105f66-58e2-4abc-96f7-32b8ecf20e9b" />
  </Folder>
  <Folder Name="/09/">
    <Project Path="Shipping/Shipping.csproj" Id="2e5c4dc4-46e1-4d62-9363-3d1cce71d82f" />
  </Folder>
  <Folder Name="/10/">
    <Project Path="SucesoStore/SucesoStore.csproj" Id="358d7e69-cd9a-4a95-a210-b472b8206002" />
  </Folder>
  <Folder Name="/11/">
    <Project Path="TransportCompany/TransportCompany.csproj" Id="e75aeb93-4bb2-49b9-9b75-cf530f633774" />
  </Folder>
  <Folder Name="/12/" />
  <Folder Name="/13/" />
  <Folder Name="/14/" />
  <Folder Name="/15/" />
  <Folder Name="/16/" />
  <Folder Name="/17/" />
  <Folder Name="/18/" />
  <Folder Name="/19/" />
  <Folder Name="/20/" />
  <Folder Name="/21/" />
  <Folder Name="/22/" />
  <Folder Name="/23/" />
  <Folder Name="/24/" />
  <Folder Name="/25/" />
  <Folder Name="/26/" />
  <Folder Name="/27/" />
  <Folder Name="/28/">
    <Project Path="TheStrongestBeam/TheStrongestBeam.csproj" Id="53d1b0d4-eb17-437a-bd56-f1ee391ef3bf" />
  </Folder>
  <Folder Name="/29/" />
  <Folder Name="/30/" />
  <Folder Name="/37/">
    <Project Path="HorsesInConflict/HorsesInConflict.csproj" Id="224fe1c5-d597-4cc6-8d99-609b99a6b129" />
  </Folder>
  <Folder Name="/Shared/">
    <Project Path="Shared/Shared.csproj" />
  </Folder>
</Solution>
